
Microsoft Visual Studio Solution File, Format Version 12.00
# Visual Studio Version 16
VisualStudioVersion = 16.0.31515.178
MinimumVisualStudioVersion = 10.0.40219.1
Project("{FAE04EC0-301F-11D3-BF4B-00C04F79EFBC}") = "trakr-sharp", "trakr-sharp\trakr-sharp.csproj", "{46705158-40FB-4B3E-9089-F37BEE684424}"
EndProject
Global
	GlobalSection(SolutionConfigurationPlatforms) = preSolution
		Debug|Any CPU = Debug|Any CPU
		Release|Any CPU = Release|Any CPU
	EndGlobalSection
	GlobalSection(ProjectConfigurationPlatforms) = postSolution
		{46705158-40FB-4B3E-9089-F37BEE684424}.Debug|Any CPU.ActiveCfg = Debug|Any CPU
		{46705158-40FB-4B3E-9089-F37BEE684424}.Debug|Any CPU.Build.0 = Debug|Any CPU
		{46705158-40FB-4B3E-9089-F37BEE684424}.Release|Any CPU.ActiveCfg = Release|Any CPU
		{46705158-40FB-4B3E-9089-F37BEE684424}.Release|Any CPU.Build.0 = Release|Any CPU
	EndGlobalSection
	GlobalSection(SolutionProperties) = preSolution
		HideSolutionNode = FALSE
	EndGlobalSection
	GlobalSection(ExtensibilityGlobals) = postSolution
		SolutionGuid = {8C5A7CE5-2D62-4AE1-89FC-504A0E8975FF}
	EndGlobalSection
EndGlobal
